// !$*UTF8*$!
{
	archiveVersion = 1;
	classes = {
	};
	objectVersion = 50;
	objects = {

/* Begin PBXBuildFile section */
		29270BFE22F3C40F00618920 /* AppDelegate.swift in Sources */ = {isa = PBXBuildFile; fileRef = 29270BFD22F3C40F00618920 /* AppDelegate.swift */; };
		29270C0322F3C40F00618920 /* Main.storyboard in Resources */ = {isa = PBXBuildFile; fileRef = 29270C0122F3C40F00618920 /* Main.storyboard */; };
		29270C0522F3C41000618920 /* Assets.xcassets in Resources */ = {isa = PBXBuildFile; fileRef = 29270C0422F3C41000618920 /* Assets.xcassets */; };
		29270C0822F3C41000618920 /* LaunchScreen.storyboard in Resources */ = {isa = PBXBuildFile; fileRef = 29270C0622F3C41000618920 /* LaunchScreen.storyboard */; };
		29270C1022F3C4DF00618920 /* TableViewController.swift in Sources */ = {isa = PBXBuildFile; fileRef = 29270C0F22F3C4DF00618920 /* TableViewController.swift */; };
		29270C1222F3C4EE00618920 /* TableViewCell.swift in Sources */ = {isa = PBXBuildFile; fileRef = 29270C1122F3C4EE00618920 /* TableViewCell.swift */; };
		29270C1422F3C50500618920 /* DetailViewController.swift in Sources */ = {isa = PBXBuildFile; fileRef = 29270C1322F3C50500618920 /* DetailViewController.swift */; };
		29270C1922F3C54600618920 /* Model.swift in Sources */ = {isa = PBXBuildFile; fileRef = 29270C1822F3C54600618920 /* Model.swift */; };
/* End PBXBuildFile section */

/* Begin PBXFileReference section */
		29270BFA22F3C40F00618920 /* TalkingCharacters.app */ = {isa = PBXFileReference; explicitFileType = wrapper.application; includeInIndex = 0; path = TalkingCharacters.app; sourceTree = BUILT_PRODUCTS_DIR; };
		29270BFD22F3C40F00618920 /* AppDelegate.swift */ = {isa = PBXFileReference; lastKnownFileType = sourcecode.swift; path = AppDelegate.swift; sourceTree = "<group>"; };
		29270C0222F3C40F00618920 /* Base */ = {isa = PBXFileReference; lastKnownFileType = file.storyboard; name = Base; path = Base.lproj/Main.storyboard; sourceTree = "<group>"; };
		29270C0422F3C41000618920 /* Assets.xcassets */ = {isa = PBXFileReference; lastKnownFileType = folder.assetcatalog; path = Assets.xcassets; sourceTree = "<group>"; };
		29270C0722F3C41000618920 /* Base */ = {isa = PBXFileReference; lastKnownFileType = file.storyboard; name = Base; path = Base.lproj/LaunchScreen.storyboard; sourceTree = "<group>"; };
		29270C0922F3C41000618920 /* Info.plist */ = {isa = PBXFileReference; lastKnownFileType = text.plist.xml; path = Info.plist; sourceTree = "<group>"; };
		29270C0F22F3C4DF00618920 /* TableViewController.swift */ = {isa = PBXFileReference; lastKnownFileType = sourcecode.swift; path = TableViewController.swift; sourceTree = "<group>"; };
		29270C1122F3C4EE00618920 /* TableViewCell.swift */ = {isa = PBXFileReference; lastKnownFileType = sourcecode.swift; path = TableViewCell.swift; sourceTree = "<group>"; };
		29270C1322F3C50500618920 /* DetailViewController.swift */ = {isa = PBXFileReference; lastKnownFileType = sourcecode.swift; path = DetailViewController.swift; sourceTree = "<group>"; };
		29270C1822F3C54600618920 /* Model.swift */ = {isa = PBXFileReference; lastKnownFileType = sourcecode.swift; path = Model.swift; sourceTree = "<group>"; };
/* End PBXFileReference section */

/* Begin PBXFrameworksBuildPhase section */
		29270BF722F3C40F00618920 /* Frameworks */ = {
			isa = PBXFrameworksBuildPhase;
			buildActionMask = 2147483647;
			files = (
			);
			runOnlyForDeploymentPostprocessing = 0;
		};
/* End PBXFrameworksBuildPhase section */

/* Begin PBXGroup section */
		29270BF122F3C40F00618920 = {
			isa = PBXGroup;
			children = (
				29270BFC22F3C40F00618920 /* TalkingCharacters */,
				29270BFB22F3C40F00618920 /* Products */,
			);
			sourceTree = "<group>";
		};
		29270BFB22F3C40F00618920 /* Products */ = {
			isa = PBXGroup;
			children = (
				29270BFA22F3C40F00618920 /* TalkingCharacters.app */,
			);
			name = Products;
			sourceTree = "<group>";
		};
		29270BFC22F3C40F00618920 /* TalkingCharacters */ = {
			isa = PBXGroup;
			children = (
				29270C1722F3C51F00618920 /* Models */,
				29270C1622F3C51900618920 /* Views */,
				29270C1522F3C50E00618920 /* Controllers */,
				29270BFD22F3C40F00618920 /* AppDelegate.swift */,
				29270C0122F3C40F00618920 /* Main.storyboard */,
				29270C0422F3C41000618920 /* Assets.xcassets */,
				29270C0622F3C41000618920 /* LaunchScreen.storyboard */,
				29270C0922F3C41000618920 /* Info.plist */,
			);
			path = TalkingCharacters;
			sourceTree = "<group>";
		};
		29270C1522F3C50E00618920 /* Controllers */ = {
			isa = PBXGroup;
			children = (
				29270C0F22F3C4DF00618920 /* TableViewController.swift */,
				29270C1322F3C50500618920 /* DetailViewController.swift */,
			);
			path = Controllers;
			sourceTree = "<group>";
		};
		29270C1622F3C51900618920 /* Views */ = {
			isa = PBXGroup;
			children = (
				29270C1122F3C4EE00618920 /* TableViewCell.swift */,
			);
			path = Views;
			sourceTree = "<group>";
		};
		29270C1722F3C51F00618920 /* Models */ = {
			isa = PBXGroup;
			children = (
				29270C1822F3C54600618920 /* Model.swift */,
			);
			path = Models;
			sourceTree = "<group>";
		};
/* End PBXGroup section */

/* Begin PBXNativeTarget section */
		29270BF922F3C40F00618920 /* TalkingCharacters */ = {
			isa = PBXNativeTarget;
			buildConfigurationList = 29270C0C22F3C41000618920 /* Build configuration list for PBXNativeTarget "TalkingCharacters" */;
			buildPhases = (
				29270BF622F3C40F00618920 /* Sources */,
				29270BF722F3C40F00618920 /* Frameworks */,
				29270BF822F3C40F00618920 /* Resources */,
			);
			buildRules = (
			);
			dependencies = (
			);
			name = TalkingCharacters;
			productName = TalkingCharacters;
			productReference = 29270BFA22F3C40F00618920 /* TalkingCharacters.app */;
			productType = "com.apple.product-type.application";
		};
/* End PBXNativeTarget section */

/* Begin PBXProject section */
		29270BF222F3C40F00618920 /* Project object */ = {
			isa = PBXProject;
			attributes = {
				LastSwiftUpdateCheck = 1030;
				LastUpgradeCheck = 1030;
				ORGANIZATIONNAME = "John Kouris";
				TargetAttributes = {
					29270BF922F3C40F00618920 = {
						CreatedOnToolsVersion = 10.3;
					};
				};
			};
			buildConfigurationList = 29270BF522F3C40F00618920 /* Build configuration list for PBXProject "TalkingCharacters" */;
			compatibilityVersion = "Xcode 9.3";
			developmentRegion = en;
			hasScannedForEncodings = 0;
			knownRegions = (
				en,
				Base,
			);
			mainGroup = 29270BF122F3C40F00618920;
			productRefGroup = 29270BFB22F3C40F00618920 /* Products */;
			projectDirPath = "";
			projectRoot = "";
			targets = (
				29270BF922F3C40F00618920 /* TalkingCharacters */,
			);
		};
/* End PBXProject section */

/* Begin PBXResourcesBuildPhase section */
		29270BF822F3C40F00618920 /* Resources */ = {
			isa = PBXResourcesBuildPhase;
			buildActionMask = 2147483647;
			files = (
				29270C0822F3C41000618920 /* LaunchScreen.storyboard in Resources */,
				29270C0522F3C41000618920 /* Assets.xcassets in Resources */,
				29270C0322F3C40F00618920 /* Main.storyboard in Resources */,
			);
			runOnlyForDeploymentPostprocessing = 0;
		};
/* End PBXResourcesBuildPhase section */

/* Begin PBXSourcesBuildPhase section */
		29270BF622F3C40F00618920 /* Sources */ = {
			isa = PBXSourcesBuildPhase;
			buildActionMask = 2147483647;
			files = (
				29270C1922F3C54600618920 /* Model.swift in Sources */,
				29270C1222F3C4EE00618920 /* TableViewCell.swift in Sources */,
				29270BFE22F3C40F00618920 /* AppDelegate.swift in Sources */,
				29270C1022F3C4DF00618920 /* TableViewController.swift in Sources */,
				29270C1422F3C50500618920 /* DetailViewController.swift in Sources */,
			);
			runOnlyForDeploymentPostprocessing = 0;
		};
/* End PBXSourcesBuildPhase section */

/* Begin PBXVariantGroup section */
		29270C0122F3C40F00618920 /* Main.storyboard */ = {
			isa = PBXVariantGroup;
			children = (
				29270C0222F3C40F00618920 /* Base */,
			);
			name = Main.storyboard;
			sourceTree = "<group>";
		};
		29270C0622F3C41000618920 /* LaunchScreen.storyboard */ = {
			isa = PBXVariantGroup;
			children = (
				29270C0722F3C41000618920 /* Base */,
			);
			name = LaunchScreen.storyboard;
			sourceTree = "<group>";
		};
/* End PBXVariantGroup section */

/* Begin XCBuildConfiguration section */
		29270C0A22F3C41000618920 /* Debug */ = {
			isa = XCBuildConfiguration;
			buildSettings = {
				ALWAYS_SEARCH_USER_PATHS = NO;
				CLANG_ANALYZER_NONNULL = YES;
				CLANG_ANALYZER_NUMBER_OBJECT_CONVERSION = YES_AGGRESSIVE;
				CLANG_CXX_LANGUAGE_STANDARD = "gnu++14";
				CLANG_CXX_LIBRARY = "libc++";
				CLANG_ENABLE_MODULES = YES;
				CLANG_ENABLE_OBJC_ARC = YES;
				CLANG_ENABLE_OBJC_WEAK = YES;
				CLANG_WARN_BLOCK_CAPTURE_AUTORELEASING = YES;
				CLANG_WARN_BOOL_CONVERSION = YES;
				CLANG_WARN_COMMA = YES;
				CLANG_WARN_CONSTANT_CONVERSION = YES;
				CLANG_WARN_DEPRECATED_OBJC_IMPLEMENTATIONS = YES;
				CLANG_WARN_DIRECT_OBJC_ISA_USAGE = YES_ERROR;
				CLANG_WARN_DOCUMENTATION_COMMENTS = YES;
				CLANG_WARN_EMPTY_BODY = YES;
				CLANG_WARN_ENUM_CONVERSION = YES;
				CLANG_WARN_INFINITE_RECURSION = YES;
				CLANG_WARN_INT_CONVERSION = YES;
				CLANG_WARN_NON_LITERAL_NULL_CONVERSION = YES;
				CLANG_WARN_OBJC_IMPLICIT_RETAIN_SELF = YES;
				CLANG_WARN_OBJC_LITERAL_CONVERSION = YES;
				CLANG_WARN_OBJC_ROOT_CLASS = YES_ERROR;
				CLANG_WARN_RANGE_LOOP_ANALYSIS = YES;
				CLANG_WARN_STRICT_PROTOTYPES = YES;
				CLANG_WARN_SUSPICIOUS_MOVE = YES;
				CLANG_WARN_UNGUARDED_AVAILABILITY = YES_AGGRESSIVE;
				CLANG_WARN_UNREACHABLE_CODE = YES;
				CLANG_WARN__DUPLICATE_METHOD_MATCH = YES;
				CODE_SIGN_IDENTITY = "iPhone Developer";
				COPY_PHASE_STRIP = NO;
				DEBUG_INFORMATION_FORMAT = dwarf;
				ENABLE_STRICT_OBJC_MSGSEND = YES;
				ENABLE_TESTABILITY = YES;
				GCC_C_LANGUAGE_STANDARD = gnu11;
				GCC_DYNAMIC_NO_PIC = NO;
				GCC_NO_COMMON_BLOCKS = YES;
				GCC_OPTIMIZATION_LEVEL = 0;
				GCC_PREPROCESSOR_DEFINITIONS = (
					"DEBUG=1",
					"$(inherited)",
				);
				GCC_WARN_64_TO_32_BIT_CONVERSION = YES;
				GCC_WARN_ABOUT_RETURN_TYPE = YES_ERROR;
				GCC_WARN_UNDECLARED_SELECTOR = YES;
				GCC_WARN_UNINITIALIZED_AUTOS = YES_AGGRESSIVE;
				GCC_WARN_UNUSED_FUNCTION = YES;
				GCC_WARN_UNUSED_VARIABLE = YES;
				IPHONEOS_DEPLOYMENT_TARGET = 12.4;
				MTL_ENABLE_DEBUG_INFO = INCLUDE_SOURCE;
				MTL_FAST_MATH = YES;
				ONLY_ACTIVE_ARCH = YES;
				SDKROOT = iphoneos;
				SWIFT_ACTIVE_COMPILATION_CONDITIONS = DEBUG;
				SWIFT_OPTIMIZATION_LEVEL = "-Onone";
			};
			name = Debug;
		};
		29270C0B22F3C41000618920 /* Release */ = {
			isa = XCBuildConfiguration;
			buildSettings = {
				ALWAYS_SEARCH_USER_PATHS = NO;
				CLANG_ANALYZER_NONNULL = YES;
				CLANG_ANALYZER_NUMBER_OBJECT_CONVERSION = YES_AGGRESSIVE;
				CLANG_CXX_LANGUAGE_STANDARD = "gnu++14";
				CLANG_CXX_LIBRARY = "libc++";
				CLANG_ENABLE_MODULES = YES;
				CLANG_ENABLE_OBJC_ARC = YES;
				CLANG_ENABLE_OBJC_WEAK = YES;
				CLANG_WARN_BLOCK_CAPTURE_AUTORELEASING = YES;
				CLANG_WARN_BOOL_CONVERSION = YES;
				CLANG_WARN_COMMA = YES;
				CLANG_WARN_CONSTANT_CONVERSION = YES;
				CLANG_WARN_DEPRECATED_OBJC_IMPLEMENTATIONS = YES;
				CLANG_WARN_DIRECT_OBJC_ISA_USAGE = YES_ERROR;
				CLANG_WARN_DOCUMENTATION_COMMENTS = YES;
				CLANG_WARN_EMPTY_BODY = YES;
				CLANG_WARN_ENUM_CONVERSION = YES;
				CLANG_WARN_INFINITE_RECURSION = YES;
				CLANG_WARN_INT_CONVERSION = YES;
				CLANG_WARN_NON_LITERAL_NULL_CONVERSION = YES;
				CLANG_WARN_OBJC_IMPLICIT_RETAIN_SELF = YES;
				CLANG_WARN_OBJC_LITERAL_CONVERSION = YES;
				CLANG_WARN_OBJC_ROOT_CLASS = YES_ERROR;
				CLANG_WARN_RANGE_LOOP_ANALYSIS = YES;
				CLANG_WARN_STRICT_PROTOTYPES = YES;
				CLANG_WARN_SUSPICIOUS_MOVE = YES;
				CLANG_WARN_UNGUARDED_AVAILABILITY = YES_AGGRESSIVE;
				CLANG_WARN_UNREACHABLE_CODE = YES;
				CLANG_WARN__DUPLICATE_METHOD_MATCH = YES;
				CODE_SIGN_IDENTITY = "iPhone Developer";
				COPY_PHASE_STRIP = NO;
				DEBUG_INFORMATION_FORMAT = "dwarf-with-dsym";
				ENABLE_NS_ASSERTIONS = NO;
				ENABLE_STRICT_OBJC_MSGSEND = YES;
				GCC_C_LANGUAGE_STANDARD = gnu11;
				GCC_NO_COMMON_BLOCKS = YES;
				GCC_WARN_64_TO_32_BIT_CONVERSION = YES;
				GCC_WARN_ABOUT_RETURN_TYPE = YES_ERROR;
				GCC_WARN_UNDECLARED_SELECTOR = YES;
				GCC_WARN_UNINITIALIZED_AUTOS = YES_AGGRESSIVE;
				GCC_WARN_UNUSED_FUNCTION = YES;
				GCC_WARN_UNUSED_VARIABLE = YES;
				IPHONEOS_DEPLOYMENT_TARGET = 12.4;
				MTL_ENABLE_DEBUG_INFO = NO;
				MTL_FAST_MATH = YES;
				SDKROOT = iphoneos;
				SWIFT_COMPILATION_MODE = wholemodule;
				SWIFT_OPTIMIZATION_LEVEL = "-O";
				VALIDATE_PRODUCT = YES;
			};
			name = Release;
		};
		29270C0D22F3C41000618920 /* Debug */ = {
			isa = XCBuildConfiguration;
			buildSettings = {
				ASSETCATALOG_COMPILER_APPICON_NAME = AppIcon;
				CODE_SIGN_STYLE = Automatic;
				DEVELOPMENT_TEAM = SE96QQ4Q6G;
				INFOPLIST_FILE = TalkingCharacters/Info.plist;
				LD_RUNPATH_SEARCH_PATHS = (
					"$(inherited)",
					"@executable_path/Frameworks",
				);
				PRODUCT_BUNDLE_IDENTIFIER = com.JohnKouris.TalkingCharacters;
				PRODUCT_NAME = "$(TARGET_NAME)";
				SWIFT_VERSION = 5.0;
				TARGETED_DEVICE_FAMILY = "1,2";
			};
			name = Debug;
		};
		29270C0E22F3C41000618920 /* Release */ = {
			isa = XCBuildConfiguration;
			buildSettings = {
				ASSETCATALOG_COMPILER_APPICON_NAME = AppIcon;
				CODE_SIGN_STYLE = Automatic;
				DEVELOPMENT_TEAM = SE96QQ4Q6G;
				INFOPLIST_FILE = TalkingCharacters/Info.plist;
				LD_RUNPATH_SEARCH_PATHS = (
					"$(inherited)",
					"@executable_path/Frameworks",
				);
				PRODUCT_BUNDLE_IDENTIFIER = com.JohnKouris.TalkingCharacters;
				PRODUCT_NAME = "$(TARGET_NAME)";
				SWIFT_VERSION = 5.0;
				TARGETED_DEVICE_FAMILY = "1,2";
			};
			name = Release;
		};
/* End XCBuildConfiguration section */

/* Begin XCConfigurationList section */
		29270BF522F3C40F00618920 /* Build configuration list for PBXProject "TalkingCharacters" */ = {
			isa = XCConfigurationList;
			buildConfigurations = (
				29270C0A22F3C41000618920 /* Debug */,
				29270C0B22F3C41000618920 /* Release */,
			);
			defaultConfigurationIsVisible = 0;
			defaultConfigurationName = Release;
		};
		29270C0C22F3C41000618920 /* Build configuration list for PBXNativeTarget "TalkingCharacters" */ = {
			isa = XCConfigurationList;
			buildConfigurations = (
				29270C0D22F3C41000618920 /* Debug */,
				29270C0E22F3C41000618920 /* Release */,
			);
			defaultConfigurationIsVisible = 0;
			defaultConfigurationName = Release;
		};
/* End XCConfigurationList section */
	};
	rootObject = 29270BF222F3C40F00618920 /* Project object */;
}
